// !$*UTF8*$!
{
	archiveVersion = 1;
	classes = {
	};
	objectVersion = 50;
	objects = {

/* Begin PBXBuildFile section */
		5CB9849C6906D142C9D83AF3 /* Pods_VSP_0Tests.framework in Frameworks */ = {isa = PBXBuildFile; fileRef = 57FCB07ACFE1A9BD7352DC7F /* Pods_VSP_0Tests.framework */; };
		86927BB5F2B3170CBC28416A /* Pods_VSP_0UITests.framework in Frameworks */ = {isa = PBXBuildFile; fileRef = 7D209AB41C2A3580F276C855 /* Pods_VSP_0UITests.framework */; };
		9D38067C20B7584000F5A0A3 /* VideoMetaData.swift in Sources */ = {isa = PBXBuildFile; fileRef = 9D38067B20B7584000F5A0A3 /* VideoMetaData.swift */; };
		9D38067E20B866CC00F5A0A3 /* VideoAppModel.swift in Sources */ = {isa = PBXBuildFile; fileRef = 9D38067D20B866CC00F5A0A3 /* VideoAppModel.swift */; };
		9D38068220BC7D3800F5A0A3 /* SendDataToLambdaViewController.swift in Sources */ = {isa = PBXBuildFile; fileRef = 9D38068120BC7D3800F5A0A3 /* SendDataToLambdaViewController.swift */; };
		9D38068820BDBC1F00F5A0A3 /* awsconfiguration.json in Resources */ = {isa = PBXBuildFile; fileRef = 9D38068720BDBC1F00F5A0A3 /* awsconfiguration.json */; };
		9D4A6C9D20AC837400080C0D /* AppDelegate.swift in Sources */ = {isa = PBXBuildFile; fileRef = 9D4A6C9C20AC837400080C0D /* AppDelegate.swift */; };
		9D4A6C9F20AC837400080C0D /* FirstViewController.swift in Sources */ = {isa = PBXBuildFile; fileRef = 9D4A6C9E20AC837400080C0D /* FirstViewController.swift */; };
		9D4A6CA120AC837400080C0D /* SecondViewController.swift in Sources */ = {isa = PBXBuildFile; fileRef = 9D4A6CA020AC837400080C0D /* SecondViewController.swift */; };
		9D4A6CA420AC837400080C0D /* Main.storyboard in Resources */ = {isa = PBXBuildFile; fileRef = 9D4A6CA220AC837400080C0D /* Main.storyboard */; };
		9D4A6CA620AC837500080C0D /* Assets.xcassets in Resources */ = {isa = PBXBuildFile; fileRef = 9D4A6CA520AC837500080C0D /* Assets.xcassets */; };
		9D4A6CA920AC837500080C0D /* LaunchScreen.storyboard in Resources */ = {isa = PBXBuildFile; fileRef = 9D4A6CA720AC837500080C0D /* LaunchScreen.storyboard */; };
		9D4A6CB420AC837600080C0D /* VSP_0Tests.swift in Sources */ = {isa = PBXBuildFile; fileRef = 9D4A6CB320AC837600080C0D /* VSP_0Tests.swift */; };
		9D4A6CBF20AC837600080C0D /* VSP_0UITests.swift in Sources */ = {isa = PBXBuildFile; fileRef = 9D4A6CBE20AC837600080C0D /* VSP_0UITests.swift */; };
		9D4A6CCF20AE184200080C0D /* CameraViewController.swift in Sources */ = {isa = PBXBuildFile; fileRef = 9D4A6CCE20AE184100080C0D /* CameraViewController.swift */; };
		9D4A6D0E20B4977A00080C0D /* VideoClipOptionsViewController.swift in Sources */ = {isa = PBXBuildFile; fileRef = 9D4A6D0D20B4977A00080C0D /* VideoClipOptionsViewController.swift */; };
		9D4A6D1020B4981C00080C0D /* VideoClipCell.swift in Sources */ = {isa = PBXBuildFile; fileRef = 9D4A6D0F20B4981C00080C0D /* VideoClipCell.swift */; };
		9DE39EC220BF094D005C8301 /* AWSAPI_TSYAQ88K2E_RequestSchema.m in Sources */ = {isa = PBXBuildFile; fileRef = 9DE39EBC20BF094D005C8301 /* AWSAPI_TSYAQ88K2E_RequestSchema.m */; };
		9DE39EC320BF094D005C8301 /* AWSAPI_TSYAQ88K2E_VSPMobileHubClient.m in Sources */ = {isa = PBXBuildFile; fileRef = 9DE39EBD20BF094D005C8301 /* AWSAPI_TSYAQ88K2E_VSPMobileHubClient.m */; };
		9DE39EC420BF094D005C8301 /* AWSAPI_TSYAQ88K2E_ResponseSchema.m in Sources */ = {isa = PBXBuildFile; fileRef = 9DE39EBE20BF094D005C8301 /* AWSAPI_TSYAQ88K2E_ResponseSchema.m */; };
		C6FDD70FF2DFA37CB7D38C9A /* Pods_VSP_0.framework in Frameworks */ = {isa = PBXBuildFile; fileRef = 5D70B1CC20CB47BADD55B1C4 /* Pods_VSP_0.framework */; };
/* End PBXBuildFile section */

/* Begin PBXContainerItemProxy section */
		9D4A6CB020AC837600080C0D /* PBXContainerItemProxy */ = {
			isa = PBXContainerItemProxy;
			containerPortal = 9D4A6C9120AC837400080C0D /* Project object */;
			proxyType = 1;
			remoteGlobalIDString = 9D4A6C9820AC837400080C0D;
			remoteInfo = VSP_0;
		};
		9D4A6CBB20AC837600080C0D /* PBXContainerItemProxy */ = {
			isa = PBXContainerItemProxy;
			containerPortal = 9D4A6C9120AC837400080C0D /* Project object */;
			proxyType = 1;
			remoteGlobalIDString = 9D4A6C9820AC837400080C0D;
			remoteInfo = VSP_0;
		};
/* End PBXContainerItemProxy section */

/* Begin PBXFileReference section */
		144A15D6EF32601FB23A1B78 /* Pods-VSP_0.debug.xcconfig */ = {isa = PBXFileReference; includeInIndex = 1; lastKnownFileType = text.xcconfig; name = "Pods-VSP_0.debug.xcconfig"; path = "Pods/Target Support Files/Pods-VSP_0/Pods-VSP_0.debug.xcconfig"; sourceTree = "<group>"; };
		1C52EB41B3A8C97752A1E476 /* Pods-VSP_0.release.xcconfig */ = {isa = PBXFileReference; includeInIndex = 1; lastKnownFileType = text.xcconfig; name = "Pods-VSP_0.release.xcconfig"; path = "Pods/Target Support Files/Pods-VSP_0/Pods-VSP_0.release.xcconfig"; sourceTree = "<group>"; };
		57FCB07ACFE1A9BD7352DC7F /* Pods_VSP_0Tests.framework */ = {isa = PBXFileReference; explicitFileType = wrapper.framework; includeInIndex = 0; path = Pods_VSP_0Tests.framework; sourceTree = BUILT_PRODUCTS_DIR; };
		5D70B1CC20CB47BADD55B1C4 /* Pods_VSP_0.framework */ = {isa = PBXFileReference; explicitFileType = wrapper.framework; includeInIndex = 0; path = Pods_VSP_0.framework; sourceTree = BUILT_PRODUCTS_DIR; };
		7A1EAA0AA91AF58834D14D27 /* Pods-VSP_0Tests.debug.xcconfig */ = {isa = PBXFileReference; includeInIndex = 1; lastKnownFileType = text.xcconfig; name = "Pods-VSP_0Tests.debug.xcconfig"; path = "Pods/Target Support Files/Pods-VSP_0Tests/Pods-VSP_0Tests.debug.xcconfig"; sourceTree = "<group>"; };
		7D209AB41C2A3580F276C855 /* Pods_VSP_0UITests.framework */ = {isa = PBXFileReference; explicitFileType = wrapper.framework; includeInIndex = 0; path = Pods_VSP_0UITests.framework; sourceTree = BUILT_PRODUCTS_DIR; };
		9799B2B13721A37401CFD6FF /* Pods-VSP_0Tests.release.xcconfig */ = {isa = PBXFileReference; includeInIndex = 1; lastKnownFileType = text.xcconfig; name = "Pods-VSP_0Tests.release.xcconfig"; path = "Pods/Target Support Files/Pods-VSP_0Tests/Pods-VSP_0Tests.release.xcconfig"; sourceTree = "<group>"; };
		9D38067B20B7584000F5A0A3 /* VideoMetaData.swift */ = {isa = PBXFileReference; lastKnownFileType = sourcecode.swift; path = VideoMetaData.swift; sourceTree = "<group>"; };
		9D38067D20B866CC00F5A0A3 /* VideoAppModel.swift */ = {isa = PBXFileReference; lastKnownFileType = sourcecode.swift; path = VideoAppModel.swift; sourceTree = "<group>"; };
		9D38068120BC7D3800F5A0A3 /* SendDataToLambdaViewController.swift */ = {isa = PBXFileReference; fileEncoding = 4; lastKnownFileType = sourcecode.swift; path = SendDataToLambdaViewController.swift; sourceTree = "<group>"; };
		9D38068720BDBC1F00F5A0A3 /* awsconfiguration.json */ = {isa = PBXFileReference; fileEncoding = 4; lastKnownFileType = text.json; path = awsconfiguration.json; sourceTree = "<group>"; };
		9D4A6C9920AC837400080C0D /* VSP_0.app */ = {isa = PBXFileReference; explicitFileType = wrapper.application; includeInIndex = 0; path = VSP_0.app; sourceTree = BUILT_PRODUCTS_DIR; };
		9D4A6C9C20AC837400080C0D /* AppDelegate.swift */ = {isa = PBXFileReference; lastKnownFileType = sourcecode.swift; path = AppDelegate.swift; sourceTree = "<group>"; };
		9D4A6C9E20AC837400080C0D /* FirstViewController.swift */ = {isa = PBXFileReference; lastKnownFileType = sourcecode.swift; path = FirstViewController.swift; sourceTree = "<group>"; };
		9D4A6CA020AC837400080C0D /* SecondViewController.swift */ = {isa = PBXFileReference; lastKnownFileType = sourcecode.swift; path = SecondViewController.swift; sourceTree = "<group>"; };
		9D4A6CA320AC837400080C0D /* Base */ = {isa = PBXFileReference; lastKnownFileType = file.storyboard; name = Base; path = Base.lproj/Main.storyboard; sourceTree = "<group>"; };
		9D4A6CA520AC837500080C0D /* Assets.xcassets */ = {isa = PBXFileReference; lastKnownFileType = folder.assetcatalog; path = Assets.xcassets; sourceTree = "<group>"; };
		9D4A6CA820AC837500080C0D /* Base */ = {isa = PBXFileReference; lastKnownFileType = file.storyboard; name = Base; path = Base.lproj/LaunchScreen.storyboard; sourceTree = "<group>"; };
		9D4A6CAA20AC837500080C0D /* Info.plist */ = {isa = PBXFileReference; lastKnownFileType = text.plist.xml; path = Info.plist; sourceTree = "<group>"; };
		9D4A6CAF20AC837600080C0D /* VSP_0Tests.xctest */ = {isa = PBXFileReference; explicitFileType = wrapper.cfbundle; includeInIndex = 0; path = VSP_0Tests.xctest; sourceTree = BUILT_PRODUCTS_DIR; };
		9D4A6CB320AC837600080C0D /* VSP_0Tests.swift */ = {isa = PBXFileReference; lastKnownFileType = sourcecode.swift; path = VSP_0Tests.swift; sourceTree = "<group>"; };
		9D4A6CB520AC837600080C0D /* Info.plist */ = {isa = PBXFileReference; lastKnownFileType = text.plist.xml; path = Info.plist; sourceTree = "<group>"; };
		9D4A6CBA20AC837600080C0D /* VSP_0UITests.xctest */ = {isa = PBXFileReference; explicitFileType = wrapper.cfbundle; includeInIndex = 0; path = VSP_0UITests.xctest; sourceTree = BUILT_PRODUCTS_DIR; };
		9D4A6CBE20AC837600080C0D /* VSP_0UITests.swift */ = {isa = PBXFileReference; lastKnownFileType = sourcecode.swift; path = VSP_0UITests.swift; sourceTree = "<group>"; };
		9D4A6CC020AC837600080C0D /* Info.plist */ = {isa = PBXFileReference; lastKnownFileType = text.plist.xml; path = Info.plist; sourceTree = "<group>"; };
		9D4A6CCE20AE184100080C0D /* CameraViewController.swift */ = {isa = PBXFileReference; fileEncoding = 4; lastKnownFileType = sourcecode.swift; path = CameraViewController.swift; sourceTree = "<group>"; };
		9D4A6D0D20B4977A00080C0D /* VideoClipOptionsViewController.swift */ = {isa = PBXFileReference; lastKnownFileType = sourcecode.swift; path = VideoClipOptionsViewController.swift; sourceTree = "<group>"; };
		9D4A6D0F20B4981C00080C0D /* VideoClipCell.swift */ = {isa = PBXFileReference; lastKnownFileType = sourcecode.swift; path = VideoClipCell.swift; sourceTree = "<group>"; };
		9DE39EBC20BF094D005C8301 /* AWSAPI_TSYAQ88K2E_RequestSchema.m */ = {isa = PBXFileReference; fileEncoding = 4; lastKnownFileType = sourcecode.c.objc; path = AWSAPI_TSYAQ88K2E_RequestSchema.m; sourceTree = "<group>"; };
		9DE39EBD20BF094D005C8301 /* AWSAPI_TSYAQ88K2E_VSPMobileHubClient.m */ = {isa = PBXFileReference; fileEncoding = 4; lastKnownFileType = sourcecode.c.objc; path = AWSAPI_TSYAQ88K2E_VSPMobileHubClient.m; sourceTree = "<group>"; };
		9DE39EBE20BF094D005C8301 /* AWSAPI_TSYAQ88K2E_ResponseSchema.m */ = {isa = PBXFileReference; fileEncoding = 4; lastKnownFileType = sourcecode.c.objc; path = AWSAPI_TSYAQ88K2E_ResponseSchema.m; sourceTree = "<group>"; };
		9DE39EBF20BF094D005C8301 /* AWSAPI_TSYAQ88K2E_ResponseSchema.h */ = {isa = PBXFileReference; fileEncoding = 4; lastKnownFileType = sourcecode.c.h; path = AWSAPI_TSYAQ88K2E_ResponseSchema.h; sourceTree = "<group>"; };
		9DE39EC020BF094D005C8301 /* AWSAPI_TSYAQ88K2E_VSPMobileHubClient.h */ = {isa = PBXFileReference; fileEncoding = 4; lastKnownFileType = sourcecode.c.h; path = AWSAPI_TSYAQ88K2E_VSPMobileHubClient.h; sourceTree = "<group>"; };
		9DE39EC120BF094D005C8301 /* AWSAPI_TSYAQ88K2E_RequestSchema.h */ = {isa = PBXFileReference; fileEncoding = 4; lastKnownFileType = sourcecode.c.h; path = AWSAPI_TSYAQ88K2E_RequestSchema.h; sourceTree = "<group>"; };
		9DE39EC520BF098B005C8301 /* Bridging_Header.h */ = {isa = PBXFileReference; lastKnownFileType = sourcecode.c.h; path = Bridging_Header.h; sourceTree = "<group>"; };
		C809F54EF36329E96EB3EA44 /* Pods-VSP_0UITests.debug.xcconfig */ = {isa = PBXFileReference; includeInIndex = 1; lastKnownFileType = text.xcconfig; name = "Pods-VSP_0UITests.debug.xcconfig"; path = "Pods/Target Support Files/Pods-VSP_0UITests/Pods-VSP_0UITests.debug.xcconfig"; sourceTree = "<group>"; };
		E98326D2F7C8092053B56211 /* Pods-VSP_0UITests.release.xcconfig */ = {isa = PBXFileReference; includeInIndex = 1; lastKnownFileType = text.xcconfig; name = "Pods-VSP_0UITests.release.xcconfig"; path = "Pods/Target Support Files/Pods-VSP_0UITests/Pods-VSP_0UITests.release.xcconfig"; sourceTree = "<group>"; };
/* End PBXFileReference section */

/* Begin PBXFrameworksBuildPhase section */
		9D4A6C9620AC837400080C0D /* Frameworks */ = {
			isa = PBXFrameworksBuildPhase;
			buildActionMask = 2147483647;
			files = (
				C6FDD70FF2DFA37CB7D38C9A /* Pods_VSP_0.framework in Frameworks */,
			);
			runOnlyForDeploymentPostprocessing = 0;
		};
		9D4A6CAC20AC837600080C0D /* Frameworks */ = {
			isa = PBXFrameworksBuildPhase;
			buildActionMask = 2147483647;
			files = (
				5CB9849C6906D142C9D83AF3 /* Pods_VSP_0Tests.framework in Frameworks */,
			);
			runOnlyForDeploymentPostprocessing = 0;
		};
		9D4A6CB720AC837600080C0D /* Frameworks */ = {
			isa = PBXFrameworksBuildPhase;
			buildActionMask = 2147483647;
			files = (
				86927BB5F2B3170CBC28416A /* Pods_VSP_0UITests.framework in Frameworks */,
			);
			runOnlyForDeploymentPostprocessing = 0;
		};
/* End PBXFrameworksBuildPhase section */

/* Begin PBXGroup section */
		199756A2F5D9BBA33F6498A0 /* Frameworks */ = {
			isa = PBXGroup;
			children = (
				5D70B1CC20CB47BADD55B1C4 /* Pods_VSP_0.framework */,
				57FCB07ACFE1A9BD7352DC7F /* Pods_VSP_0Tests.framework */,
				7D209AB41C2A3580F276C855 /* Pods_VSP_0UITests.framework */,
			);
			name = Frameworks;
			sourceTree = "<group>";
		};
		9D4A6C9020AC837400080C0D = {
			isa = PBXGroup;
			children = (
				9D4A6C9B20AC837400080C0D /* VSP_0 */,
				9D4A6CB220AC837600080C0D /* VSP_0Tests */,
				9D4A6CBD20AC837600080C0D /* VSP_0UITests */,
				9D4A6C9A20AC837400080C0D /* Products */,
				E03BF4AFE0763D8A49900D45 /* Pods */,
				199756A2F5D9BBA33F6498A0 /* Frameworks */,
			);
			sourceTree = "<group>";
		};
		9D4A6C9A20AC837400080C0D /* Products */ = {
			isa = PBXGroup;
			children = (
				9D4A6C9920AC837400080C0D /* VSP_0.app */,
				9D4A6CAF20AC837600080C0D /* VSP_0Tests.xctest */,
				9D4A6CBA20AC837600080C0D /* VSP_0UITests.xctest */,
			);
			name = Products;
			sourceTree = "<group>";
		};
		9D4A6C9B20AC837400080C0D /* VSP_0 */ = {
			isa = PBXGroup;
			children = (
				9D4A6C9C20AC837400080C0D /* AppDelegate.swift */,
				9DE39EC520BF098B005C8301 /* Bridging_Header.h */,
				9DE39EBB20BF094D005C8301 /* Api */,
				9D4A6D1120B498C600080C0D /* OG View */,
				9D4A6D1220B498DF00080C0D /* Lambda View */,
				9D4A6CA220AC837400080C0D /* Main.storyboard */,
				9D4A6CA520AC837500080C0D /* Assets.xcassets */,
				9D4A6CA720AC837500080C0D /* LaunchScreen.storyboard */,
				9D4A6CAA20AC837500080C0D /* Info.plist */,
				9D38068720BDBC1F00F5A0A3 /* awsconfiguration.json */,
				9D4A6CCE20AE184100080C0D /* CameraViewController.swift */,
			);
			path = VSP_0;
			sourceTree = "<group>";
		};
		9D4A6CB220AC837600080C0D /* VSP_0Tests */ = {
			isa = PBXGroup;
			children = (
				9D4A6CB320AC837600080C0D /* VSP_0Tests.swift */,
				9D4A6CB520AC837600080C0D /* Info.plist */,
			);
			path = VSP_0Tests;
			sourceTree = "<group>";
		};
		9D4A6CBD20AC837600080C0D /* VSP_0UITests */ = {
			isa = PBXGroup;
			children = (
				9D4A6CBE20AC837600080C0D /* VSP_0UITests.swift */,
				9D4A6CC020AC837600080C0D /* Info.plist */,
			);
			path = VSP_0UITests;
			sourceTree = "<group>";
		};
		9D4A6D1120B498C600080C0D /* OG View */ = {
			isa = PBXGroup;
			children = (
				9D4A6C9E20AC837400080C0D /* FirstViewController.swift */,
				9D38067B20B7584000F5A0A3 /* VideoMetaData.swift */,
				9D38067D20B866CC00F5A0A3 /* VideoAppModel.swift */,
				9D4A6D0D20B4977A00080C0D /* VideoClipOptionsViewController.swift */,
				9D4A6D0F20B4981C00080C0D /* VideoClipCell.swift */,
				9D38068120BC7D3800F5A0A3 /* SendDataToLambdaViewController.swift */,
			);
			path = "OG View";
			sourceTree = "<group>";
		};
		9D4A6D1220B498DF00080C0D /* Lambda View */ = {
			isa = PBXGroup;
			children = (
				9D4A6CA020AC837400080C0D /* SecondViewController.swift */,
			);
			path = "Lambda View";
			sourceTree = "<group>";
		};
		9DE39EBB20BF094D005C8301 /* Api */ = {
			isa = PBXGroup;
			children = (
				9DE39EBC20BF094D005C8301 /* AWSAPI_TSYAQ88K2E_RequestSchema.m */,
				9DE39EBD20BF094D005C8301 /* AWSAPI_TSYAQ88K2E_VSPMobileHubClient.m */,
				9DE39EBE20BF094D005C8301 /* AWSAPI_TSYAQ88K2E_ResponseSchema.m */,
				9DE39EBF20BF094D005C8301 /* AWSAPI_TSYAQ88K2E_ResponseSchema.h */,
				9DE39EC020BF094D005C8301 /* AWSAPI_TSYAQ88K2E_VSPMobileHubClient.h */,
				9DE39EC120BF094D005C8301 /* AWSAPI_TSYAQ88K2E_RequestSchema.h */,
			);
			path = Api;
			sourceTree = "<group>";
		};
		E03BF4AFE0763D8A49900D45 /* Pods */ = {
			isa = PBXGroup;
			children = (
				144A15D6EF32601FB23A1B78 /* Pods-VSP_0.debug.xcconfig */,
				1C52EB41B3A8C97752A1E476 /* Pods-VSP_0.release.xcconfig */,
				7A1EAA0AA91AF58834D14D27 /* Pods-VSP_0Tests.debug.xcconfig */,
				9799B2B13721A37401CFD6FF /* Pods-VSP_0Tests.release.xcconfig */,
				C809F54EF36329E96EB3EA44 /* Pods-VSP_0UITests.debug.xcconfig */,
				E98326D2F7C8092053B56211 /* Pods-VSP_0UITests.release.xcconfig */,
			);
			name = Pods;
			sourceTree = "<group>";
		};
/* End PBXGroup section */

/* Begin PBXNativeTarget section */
		9D4A6C9820AC837400080C0D /* VSP_0 */ = {
			isa = PBXNativeTarget;
			buildConfigurationList = 9D4A6CC320AC837600080C0D /* Build configuration list for PBXNativeTarget "VSP_0" */;
			buildPhases = (
				1A09CAD3FA66060A5469306E /* [CP] Check Pods Manifest.lock */,
				9D4A6C9520AC837400080C0D /* Sources */,
				9D4A6C9620AC837400080C0D /* Frameworks */,
				9D4A6C9720AC837400080C0D /* Resources */,
				DFAF12A672DC3ADEAE64CE7C /* [CP] Embed Pods Frameworks */,
			);
			buildRules = (
			);
			dependencies = (
			);
			name = VSP_0;
			productName = VSP_0;
			productReference = 9D4A6C9920AC837400080C0D /* VSP_0.app */;
			productType = "com.apple.product-type.application";
		};
		9D4A6CAE20AC837600080C0D /* VSP_0Tests */ = {
			isa = PBXNativeTarget;
			buildConfigurationList = 9D4A6CC620AC837600080C0D /* Build configuration list for PBXNativeTarget "VSP_0Tests" */;
			buildPhases = (
				C89E34A9559FFC317AFAC527 /* [CP] Check Pods Manifest.lock */,
				9D4A6CAB20AC837600080C0D /* Sources */,
				9D4A6CAC20AC837600080C0D /* Frameworks */,
				9D4A6CAD20AC837600080C0D /* Resources */,
			);
			buildRules = (
			);
			dependencies = (
				9D4A6CB120AC837600080C0D /* PBXTargetDependency */,
			);
			name = VSP_0Tests;
			productName = VSP_0Tests;
			productReference = 9D4A6CAF20AC837600080C0D /* VSP_0Tests.xctest */;
			productType = "com.apple.product-type.bundle.unit-test";
		};
		9D4A6CB920AC837600080C0D /* VSP_0UITests */ = {
			isa = PBXNativeTarget;
			buildConfigurationList = 9D4A6CC920AC837600080C0D /* Build configuration list for PBXNativeTarget "VSP_0UITests" */;
			buildPhases = (
				D7FBF8B034DB36C1A3FF6988 /* [CP] Check Pods Manifest.lock */,
				9D4A6CB620AC837600080C0D /* Sources */,
				9D4A6CB720AC837600080C0D /* Frameworks */,
				9D4A6CB820AC837600080C0D /* Resources */,
			);
			buildRules = (
			);
			dependencies = (
				9D4A6CBC20AC837600080C0D /* PBXTargetDependency */,
			);
			name = VSP_0UITests;
			productName = VSP_0UITests;
			productReference = 9D4A6CBA20AC837600080C0D /* VSP_0UITests.xctest */;
			productType = "com.apple.product-type.bundle.ui-testing";
		};
/* End PBXNativeTarget section */

/* Begin PBXProject section */
		9D4A6C9120AC837400080C0D /* Project object */ = {
			isa = PBXProject;
			attributes = {
				LastSwiftUpdateCheck = 0930;
				LastUpgradeCheck = 0930;
				ORGANIZATIONNAME = stevesl;
				TargetAttributes = {
					9D4A6C9820AC837400080C0D = {
						CreatedOnToolsVersion = 9.3;
					};
					9D4A6CAE20AC837600080C0D = {
						CreatedOnToolsVersion = 9.3;
						TestTargetID = 9D4A6C9820AC837400080C0D;
					};
					9D4A6CB920AC837600080C0D = {
						CreatedOnToolsVersion = 9.3;
						TestTargetID = 9D4A6C9820AC837400080C0D;
					};
				};
			};
			buildConfigurationList = 9D4A6C9420AC837400080C0D /* Build configuration list for PBXProject "VSP_0" */;
			compatibilityVersion = "Xcode 9.3";
			developmentRegion = en;
			hasScannedForEncodings = 0;
			knownRegions = (
				en,
				Base,
			);
			mainGroup = 9D4A6C9020AC837400080C0D;
			productRefGroup = 9D4A6C9A20AC837400080C0D /* Products */;
			projectDirPath = "";
			projectRoot = "";
			targets = (
				9D4A6C9820AC837400080C0D /* VSP_0 */,
				9D4A6CAE20AC837600080C0D /* VSP_0Tests */,
				9D4A6CB920AC837600080C0D /* VSP_0UITests */,
			);
		};
/* End PBXProject section */

/* Begin PBXResourcesBuildPhase section */
		9D4A6C9720AC837400080C0D /* Resources */ = {
			isa = PBXResourcesBuildPhase;
			buildActionMask = 2147483647;
			files = (
				9D38068820BDBC1F00F5A0A3 /* awsconfiguration.json in Resources */,
				9D4A6CA920AC837500080C0D /* LaunchScreen.storyboard in Resources */,
				9D4A6CA620AC837500080C0D /* Assets.xcassets in Resources */,
				9D4A6CA420AC837400080C0D /* Main.storyboard in Resources */,
			);
			runOnlyForDeploymentPostprocessing = 0;
		};
		9D4A6CAD20AC837600080C0D /* Resources */ = {
			isa = PBXResourcesBuildPhase;
			buildActionMask = 2147483647;
			files = (
			);
			runOnlyForDeploymentPostprocessing = 0;
		};
		9D4A6CB820AC837600080C0D /* Resources */ = {
			isa = PBXResourcesBuildPhase;
			buildActionMask = 2147483647;
			files = (
			);
			runOnlyForDeploymentPostprocessing = 0;
		};
/* End PBXResourcesBuildPhase section */

/* Begin PBXShellScriptBuildPhase section */
		1A09CAD3FA66060A5469306E /* [CP] Check Pods Manifest.lock */ = {
			isa = PBXShellScriptBuildPhase;
			buildActionMask = 2147483647;
			files = (
			);
			inputPaths = (
				"${PODS_PODFILE_DIR_PATH}/Podfile.lock",
				"${PODS_ROOT}/Manifest.lock",
			);
			name = "[CP] Check Pods Manifest.lock";
			outputPaths = (
				"$(DERIVED_FILE_DIR)/Pods-VSP_0-checkManifestLockResult.txt",
			);
			runOnlyForDeploymentPostprocessing = 0;
			shellPath = /bin/sh;
			shellScript = "diff \"${PODS_PODFILE_DIR_PATH}/Podfile.lock\" \"${PODS_ROOT}/Manifest.lock\" > /dev/null\nif [ $? != 0 ] ; then\n    # print error to STDERR\n    echo \"error: The sandbox is not in sync with the Podfile.lock. Run 'pod install' or update your CocoaPods installation.\" >&2\n    exit 1\nfi\n# This output is used by Xcode 'outputs' to avoid re-running this script phase.\necho \"SUCCESS\" > \"${SCRIPT_OUTPUT_FILE_0}\"\n";
			showEnvVarsInLog = 0;
		};
		C89E34A9559FFC317AFAC527 /* [CP] Check Pods Manifest.lock */ = {
			isa = PBXShellScriptBuildPhase;
			buildActionMask = 2147483647;
			files = (
			);
			inputPaths = (
				"${PODS_PODFILE_DIR_PATH}/Podfile.lock",
				"${PODS_ROOT}/Manifest.lock",
			);
			name = "[CP] Check Pods Manifest.lock";
			outputPaths = (
				"$(DERIVED_FILE_DIR)/Pods-VSP_0Tests-checkManifestLockResult.txt",
			);
			runOnlyForDeploymentPostprocessing = 0;
			shellPath = /bin/sh;
			shellScript = "diff \"${PODS_PODFILE_DIR_PATH}/Podfile.lock\" \"${PODS_ROOT}/Manifest.lock\" > /dev/null\nif [ $? != 0 ] ; then\n    # print error to STDERR\n    echo \"error: The sandbox is not in sync with the Podfile.lock. Run 'pod install' or update your CocoaPods installation.\" >&2\n    exit 1\nfi\n# This output is used by Xcode 'outputs' to avoid re-running this script phase.\necho \"SUCCESS\" > \"${SCRIPT_OUTPUT_FILE_0}\"\n";
			showEnvVarsInLog = 0;
		};
		D7FBF8B034DB36C1A3FF6988 /* [CP] Check Pods Manifest.lock */ = {
			isa = PBXShellScriptBuildPhase;
			buildActionMask = 2147483647;
			files = (
			);
			inputPaths = (
				"${PODS_PODFILE_DIR_PATH}/Podfile.lock",
				"${PODS_ROOT}/Manifest.lock",
			);
			name = "[CP] Check Pods Manifest.lock";
			outputPaths = (
				"$(DERIVED_FILE_DIR)/Pods-VSP_0UITests-checkManifestLockResult.txt",
			);
			runOnlyForDeploymentPostprocessing = 0;
			shellPath = /bin/sh;
			shellScript = "diff \"${PODS_PODFILE_DIR_PATH}/Podfile.lock\" \"${PODS_ROOT}/Manifest.lock\" > /dev/null\nif [ $? != 0 ] ; then\n    # print error to STDERR\n    echo \"error: The sandbox is not in sync with the Podfile.lock. Run 'pod install' or update your CocoaPods installation.\" >&2\n    exit 1\nfi\n# This output is used by Xcode 'outputs' to avoid re-running this script phase.\necho \"SUCCESS\" > \"${SCRIPT_OUTPUT_FILE_0}\"\n";
			showEnvVarsInLog = 0;
		};
		DFAF12A672DC3ADEAE64CE7C /* [CP] Embed Pods Frameworks */ = {
			isa = PBXShellScriptBuildPhase;
			buildActionMask = 2147483647;
			files = (
			);
			inputPaths = (
				"${SRCROOT}/Pods/Target Support Files/Pods-VSP_0/Pods-VSP_0-frameworks.sh",
				"${BUILT_PRODUCTS_DIR}/AWSAPIGateway/AWSAPIGateway.framework",
				"${BUILT_PRODUCTS_DIR}/AWSAuthCore/AWSAuthCore.framework",
				"${BUILT_PRODUCTS_DIR}/AWSCore/AWSCore.framework",
				"${BUILT_PRODUCTS_DIR}/AWSMobileClient/AWSMobileClient.framework",
			);
			name = "[CP] Embed Pods Frameworks";
			outputPaths = (
				"${TARGET_BUILD_DIR}/${FRAMEWORKS_FOLDER_PATH}/AWSAPIGateway.framework",
				"${TARGET_BUILD_DIR}/${FRAMEWORKS_FOLDER_PATH}/AWSAuthCore.framework",
				"${TARGET_BUILD_DIR}/${FRAMEWORKS_FOLDER_PATH}/AWSCore.framework",
				"${TARGET_BUILD_DIR}/${FRAMEWORKS_FOLDER_PATH}/AWSMobileClient.framework",
			);
			runOnlyForDeploymentPostprocessing = 0;
			shellPath = /bin/sh;
			shellScript = "\"${SRCROOT}/Pods/Target Support Files/Pods-VSP_0/Pods-VSP_0-frameworks.sh\"\n";
			showEnvVarsInLog = 0;
		};
/* End PBXShellScriptBuildPhase section */

/* Begin PBXSourcesBuildPhase section */
		9D4A6C9520AC837400080C0D /* Sources */ = {
			isa = PBXSourcesBuildPhase;
			buildActionMask = 2147483647;
			files = (
				9D38067C20B7584000F5A0A3 /* VideoMetaData.swift in Sources */,
				9DE39EC220BF094D005C8301 /* AWSAPI_TSYAQ88K2E_RequestSchema.m in Sources */,
				9D4A6CA120AC837400080C0D /* SecondViewController.swift in Sources */,
				9D4A6D1020B4981C00080C0D /* VideoClipCell.swift in Sources */,
				9D38067E20B866CC00F5A0A3 /* VideoAppModel.swift in Sources */,
				9D4A6CCF20AE184200080C0D /* CameraViewController.swift in Sources */,
				9D4A6C9D20AC837400080C0D /* AppDelegate.swift in Sources */,
				9D38068220BC7D3800F5A0A3 /* SendDataToLambdaViewController.swift in Sources */,
				9DE39EC420BF094D005C8301 /* AWSAPI_TSYAQ88K2E_ResponseSchema.m in Sources */,
				9D4A6D0E20B4977A00080C0D /* VideoClipOptionsViewController.swift in Sources */,
				9D4A6C9F20AC837400080C0D /* FirstViewController.swift in Sources */,
				9DE39EC320BF094D005C8301 /* AWSAPI_TSYAQ88K2E_VSPMobileHubClient.m in Sources */,
			);
			runOnlyForDeploymentPostprocessing = 0;
		};
		9D4A6CAB20AC837600080C0D /* Sources */ = {
			isa = PBXSourcesBuildPhase;
			buildActionMask = 2147483647;
			files = (
				9D4A6CB420AC837600080C0D /* VSP_0Tests.swift in Sources */,
			);
			runOnlyForDeploymentPostprocessing = 0;
		};
		9D4A6CB620AC837600080C0D /* Sources */ = {
			isa = PBXSourcesBuildPhase;
			buildActionMask = 2147483647;
			files = (
				9D4A6CBF20AC837600080C0D /* VSP_0UITests.swift in Sources */,
			);
			runOnlyForDeploymentPostprocessing = 0;
		};
/* End PBXSourcesBuildPhase section */

/* Begin PBXTargetDependency section */
		9D4A6CB120AC837600080C0D /* PBXTargetDependency */ = {
			isa = PBXTargetDependency;
			target = 9D4A6C9820AC837400080C0D /* VSP_0 */;
			targetProxy = 9D4A6CB020AC837600080C0D /* PBXContainerItemProxy */;
		};
		9D4A6CBC20AC837600080C0D /* PBXTargetDependency */ = {
			isa = PBXTargetDependency;
			target = 9D4A6C9820AC837400080C0D /* VSP_0 */;
			targetProxy = 9D4A6CBB20AC837600080C0D /* PBXContainerItemProxy */;
		};
/* End PBXTargetDependency section */

/* Begin PBXVariantGroup section */
		9D4A6CA220AC837400080C0D /* Main.storyboard */ = {
			isa = PBXVariantGroup;
			children = (
				9D4A6CA320AC837400080C0D /* Base */,
			);
			name = Main.storyboard;
			sourceTree = "<group>";
		};
		9D4A6CA720AC837500080C0D /* LaunchScreen.storyboard */ = {
			isa = PBXVariantGroup;
			children = (
				9D4A6CA820AC837500080C0D /* Base */,
			);
			name = LaunchScreen.storyboard;
			sourceTree = "<group>";
		};
/* End PBXVariantGroup section */

/* Begin XCBuildConfiguration section */
		9D4A6CC120AC837600080C0D /* Debug */ = {
			isa = XCBuildConfiguration;
			buildSettings = {
				ALWAYS_SEARCH_USER_PATHS = NO;
				CLANG_ANALYZER_NONNULL = YES;
				CLANG_ANALYZER_NUMBER_OBJECT_CONVERSION = YES_AGGRESSIVE;
				CLANG_CXX_LANGUAGE_STANDARD = "gnu++14";
				CLANG_CXX_LIBRARY = "libc++";
				CLANG_ENABLE_MODULES = YES;
				CLANG_ENABLE_OBJC_ARC = YES;
				CLANG_ENABLE_OBJC_WEAK = YES;
				CLANG_WARN_BLOCK_CAPTURE_AUTORELEASING = YES;
				CLANG_WARN_BOOL_CONVERSION = YES;
				CLANG_WARN_COMMA = YES;
				CLANG_WARN_CONSTANT_CONVERSION = YES;
				CLANG_WARN_DEPRECATED_OBJC_IMPLEMENTATIONS = YES;
				CLANG_WARN_DIRECT_OBJC_ISA_USAGE = YES_ERROR;
				CLANG_WARN_DOCUMENTATION_COMMENTS = YES;
				CLANG_WARN_EMPTY_BODY = YES;
				CLANG_WARN_ENUM_CONVERSION = YES;
				CLANG_WARN_INFINITE_RECURSION = YES;
				CLANG_WARN_INT_CONVERSION = YES;
				CLANG_WARN_NON_LITERAL_NULL_CONVERSION = YES;
				CLANG_WARN_OBJC_IMPLICIT_RETAIN_SELF = YES;
				CLANG_WARN_OBJC_LITERAL_CONVERSION = YES;
				CLANG_WARN_OBJC_ROOT_CLASS = YES_ERROR;
				CLANG_WARN_RANGE_LOOP_ANALYSIS = YES;
				CLANG_WARN_STRICT_PROTOTYPES = YES;
				CLANG_WARN_SUSPICIOUS_MOVE = YES;
				CLANG_WARN_UNGUARDED_AVAILABILITY = YES_AGGRESSIVE;
				CLANG_WARN_UNREACHABLE_CODE = YES;
				CLANG_WARN__DUPLICATE_METHOD_MATCH = YES;
				CODE_SIGN_IDENTITY = "iPhone Developer";
				COPY_PHASE_STRIP = NO;
				DEBUG_INFORMATION_FORMAT = dwarf;
				ENABLE_STRICT_OBJC_MSGSEND = YES;
				ENABLE_TESTABILITY = YES;
				GCC_C_LANGUAGE_STANDARD = gnu11;
				GCC_DYNAMIC_NO_PIC = NO;
				GCC_NO_COMMON_BLOCKS = YES;
				GCC_OPTIMIZATION_LEVEL = 0;
				GCC_PREPROCESSOR_DEFINITIONS = (
					"DEBUG=1",
					"$(inherited)",
				);
				GCC_WARN_64_TO_32_BIT_CONVERSION = YES;
				GCC_WARN_ABOUT_RETURN_TYPE = YES_ERROR;
				GCC_WARN_UNDECLARED_SELECTOR = YES;
				GCC_WARN_UNINITIALIZED_AUTOS = YES_AGGRESSIVE;
				GCC_WARN_UNUSED_FUNCTION = YES;
				GCC_WARN_UNUSED_VARIABLE = YES;
				IPHONEOS_DEPLOYMENT_TARGET = 11.3;
				MTL_ENABLE_DEBUG_INFO = YES;
				ONLY_ACTIVE_ARCH = YES;
				SDKROOT = iphoneos;
				SWIFT_ACTIVE_COMPILATION_CONDITIONS = DEBUG;
				SWIFT_OPTIMIZATION_LEVEL = "-Onone";
			};
			name = Debug;
		};
		9D4A6CC220AC837600080C0D /* Release */ = {
			isa = XCBuildConfiguration;
			buildSettings = {
				ALWAYS_SEARCH_USER_PATHS = NO;
				CLANG_ANALYZER_NONNULL = YES;
				CLANG_ANALYZER_NUMBER_OBJECT_CONVERSION = YES_AGGRESSIVE;
				CLANG_CXX_LANGUAGE_STANDARD = "gnu++14";
				CLANG_CXX_LIBRARY = "libc++";
				CLANG_ENABLE_MODULES = YES;
				CLANG_ENABLE_OBJC_ARC = YES;
				CLANG_ENABLE_OBJC_WEAK = YES;
				CLANG_WARN_BLOCK_CAPTURE_AUTORELEASING = YES;
				CLANG_WARN_BOOL_CONVERSION = YES;
				CLANG_WARN_COMMA = YES;
				CLANG_WARN_CONSTANT_CONVERSION = YES;
				CLANG_WARN_DEPRECATED_OBJC_IMPLEMENTATIONS = YES;
				CLANG_WARN_DIRECT_OBJC_ISA_USAGE = YES_ERROR;
				CLANG_WARN_DOCUMENTATION_COMMENTS = YES;
				CLANG_WARN_EMPTY_BODY = YES;
				CLANG_WARN_ENUM_CONVERSION = YES;
				CLANG_WARN_INFINITE_RECURSION = YES;
				CLANG_WARN_INT_CONVERSION = YES;
				CLANG_WARN_NON_LITERAL_NULL_CONVERSION = YES;
				CLANG_WARN_OBJC_IMPLICIT_RETAIN_SELF = YES;
				CLANG_WARN_OBJC_LITERAL_CONVERSION = YES;
				CLANG_WARN_OBJC_ROOT_CLASS = YES_ERROR;
				CLANG_WARN_RANGE_LOOP_ANALYSIS = YES;
				CLANG_WARN_STRICT_PROTOTYPES = YES;
				CLANG_WARN_SUSPICIOUS_MOVE = YES;
				CLANG_WARN_UNGUARDED_AVAILABILITY = YES_AGGRESSIVE;
				CLANG_WARN_UNREACHABLE_CODE = YES;
				CLANG_WARN__DUPLICATE_METHOD_MATCH = YES;
				CODE_SIGN_IDENTITY = "iPhone Developer";
				COPY_PHASE_STRIP = NO;
				DEBUG_INFORMATION_FORMAT = "dwarf-with-dsym";
				ENABLE_NS_ASSERTIONS = NO;
				ENABLE_STRICT_OBJC_MSGSEND = YES;
				GCC_C_LANGUAGE_STANDARD = gnu11;
				GCC_NO_COMMON_BLOCKS = YES;
				GCC_WARN_64_TO_32_BIT_CONVERSION = YES;
				GCC_WARN_ABOUT_RETURN_TYPE = YES_ERROR;
				GCC_WARN_UNDECLARED_SELECTOR = YES;
				GCC_WARN_UNINITIALIZED_AUTOS = YES_AGGRESSIVE;
				GCC_WARN_UNUSED_FUNCTION = YES;
				GCC_WARN_UNUSED_VARIABLE = YES;
				IPHONEOS_DEPLOYMENT_TARGET = 11.3;
				MTL_ENABLE_DEBUG_INFO = NO;
				SDKROOT = iphoneos;
				SWIFT_COMPILATION_MODE = wholemodule;
				SWIFT_OPTIMIZATION_LEVEL = "-O";
				VALIDATE_PRODUCT = YES;
			};
			name = Release;
		};
		9D4A6CC420AC837600080C0D /* Debug */ = {
			isa = XCBuildConfiguration;
			baseConfigurationReference = 144A15D6EF32601FB23A1B78 /* Pods-VSP_0.debug.xcconfig */;
			buildSettings = {
				ASSETCATALOG_COMPILER_APPICON_NAME = AppIcon;
				CODE_SIGN_STYLE = Automatic;
				DEVELOPMENT_TEAM = 67MX9PD557;
				INFOPLIST_FILE = VSP_0/Info.plist;
				IPHONEOS_DEPLOYMENT_TARGET = 10.0;
				LD_RUNPATH_SEARCH_PATHS = (
					"$(inherited)",
					"@executable_path/Frameworks",
				);
				PRODUCT_BUNDLE_IDENTIFIER = "com.stevesl.VSP-0";
				PRODUCT_NAME = "$(TARGET_NAME)";
				SWIFT_OBJC_BRIDGING_HEADER = VSP_0/Bridging_Header.h;
				SWIFT_VERSION = 4.0;
				TARGETED_DEVICE_FAMILY = "1,2";
			};
			name = Debug;
		};
		9D4A6CC520AC837600080C0D /* Release */ = {
			isa = XCBuildConfiguration;
			baseConfigurationReference = 1C52EB41B3A8C97752A1E476 /* Pods-VSP_0.release.xcconfig */;
			buildSettings = {
				ASSETCATALOG_COMPILER_APPICON_NAME = AppIcon;
				CODE_SIGN_STYLE = Automatic;
				DEVELOPMENT_TEAM = 67MX9PD557;
				INFOPLIST_FILE = VSP_0/Info.plist;
				IPHONEOS_DEPLOYMENT_TARGET = 10.0;
				LD_RUNPATH_SEARCH_PATHS = (
					"$(inherited)",
					"@executable_path/Frameworks",
				);
				PRODUCT_BUNDLE_IDENTIFIER = "com.stevesl.VSP-0";
				PRODUCT_NAME = "$(TARGET_NAME)";
				SWIFT_OBJC_BRIDGING_HEADER = VSP_0/Bridging_Header.h;
				SWIFT_VERSION = 4.0;
				TARGETED_DEVICE_FAMILY = "1,2";
			};
			name = Release;
		};
		9D4A6CC720AC837600080C0D /* Debug */ = {
			isa = XCBuildConfiguration;
			baseConfigurationReference = 7A1EAA0AA91AF58834D14D27 /* Pods-VSP_0Tests.debug.xcconfig */;
			buildSettings = {
				ALWAYS_EMBED_SWIFT_STANDARD_LIBRARIES = YES;
				BUNDLE_LOADER = "$(TEST_HOST)";
				CODE_SIGN_STYLE = Automatic;
				DEVELOPMENT_TEAM = 67MX9PD557;
				INFOPLIST_FILE = VSP_0Tests/Info.plist;
				LD_RUNPATH_SEARCH_PATHS = (
					"$(inherited)",
					"@executable_path/Frameworks",
					"@loader_path/Frameworks",
				);
				PRODUCT_BUNDLE_IDENTIFIER = "com.stevesl.VSP-0Tests";
				PRODUCT_NAME = "$(TARGET_NAME)";
				SWIFT_VERSION = 4.0;
				TARGETED_DEVICE_FAMILY = "1,2";
				TEST_HOST = "$(BUILT_PRODUCTS_DIR)/VSP_0.app/VSP_0";
			};
			name = Debug;
		};
		9D4A6CC820AC837600080C0D /* Release */ = {
			isa = XCBuildConfiguration;
			baseConfigurationReference = 9799B2B13721A37401CFD6FF /* Pods-VSP_0Tests.release.xcconfig */;
			buildSettings = {
				ALWAYS_EMBED_SWIFT_STANDARD_LIBRARIES = YES;
				BUNDLE_LOADER = "$(TEST_HOST)";
				CODE_SIGN_STYLE = Automatic;
				DEVELOPMENT_TEAM = 67MX9PD557;
				INFOPLIST_FILE = VSP_0Tests/Info.plist;
				LD_RUNPATH_SEARCH_PATHS = (
					"$(inherited)",
					"@executable_path/Frameworks",
					"@loader_path/Frameworks",
				);
				PRODUCT_BUNDLE_IDENTIFIER = "com.stevesl.VSP-0Tests";
				PRODUCT_NAME = "$(TARGET_NAME)";
				SWIFT_VERSION = 4.0;
				TARGETED_DEVICE_FAMILY = "1,2";
				TEST_HOST = "$(BUILT_PRODUCTS_DIR)/VSP_0.app/VSP_0";
			};
			name = Release;
		};
		9D4A6CCA20AC837600080C0D /* Debug */ = {
			isa = XCBuildConfiguration;
			baseConfigurationReference = C809F54EF36329E96EB3EA44 /* Pods-VSP_0UITests.debug.xcconfig */;
			buildSettings = {
				ALWAYS_EMBED_SWIFT_STANDARD_LIBRARIES = YES;
				CODE_SIGN_STYLE = Automatic;
				DEVELOPMENT_TEAM = 67MX9PD557;
				INFOPLIST_FILE = VSP_0UITests/Info.plist;
				LD_RUNPATH_SEARCH_PATHS = (
					"$(inherited)",
					"@executable_path/Frameworks",
					"@loader_path/Frameworks",
				);
				PRODUCT_BUNDLE_IDENTIFIER = "com.stevesl.VSP-0UITests";
				PRODUCT_NAME = "$(TARGET_NAME)";
				SWIFT_VERSION = 4.0;
				TARGETED_DEVICE_FAMILY = "1,2";
				TEST_TARGET_NAME = VSP_0;
			};
			name = Debug;
		};
		9D4A6CCB20AC837600080C0D /* Release */ = {
			isa = XCBuildConfiguration;
			baseConfigurationReference = E98326D2F7C8092053B56211 /* Pods-VSP_0UITests.release.xcconfig */;
			buildSettings = {
				ALWAYS_EMBED_SWIFT_STANDARD_LIBRARIES = YES;
				CODE_SIGN_STYLE = Automatic;
				DEVELOPMENT_TEAM = 67MX9PD557;
				INFOPLIST_FILE = VSP_0UITests/Info.plist;
				LD_RUNPATH_SEARCH_PATHS = (
					"$(inherited)",
					"@executable_path/Frameworks",
					"@loader_path/Frameworks",
				);
				PRODUCT_BUNDLE_IDENTIFIER = "com.stevesl.VSP-0UITests";
				PRODUCT_NAME = "$(TARGET_NAME)";
				SWIFT_VERSION = 4.0;
				TARGETED_DEVICE_FAMILY = "1,2";
				TEST_TARGET_NAME = VSP_0;
			};
			name = Release;
		};
/* End XCBuildConfiguration section */

/* Begin XCConfigurationList section */
		9D4A6C9420AC837400080C0D /* Build configuration list for PBXProject "VSP_0" */ = {
			isa = XCConfigurationList;
			buildConfigurations = (
				9D4A6CC120AC837600080C0D /* Debug */,
				9D4A6CC220AC837600080C0D /* Release */,
			);
			defaultConfigurationIsVisible = 0;
			defaultConfigurationName = Release;
		};
		9D4A6CC320AC837600080C0D /* Build configuration list for PBXNativeTarget "VSP_0" */ = {
			isa = XCConfigurationList;
			buildConfigurations = (
				9D4A6CC420AC837600080C0D /* Debug */,
				9D4A6CC520AC837600080C0D /* Release */,
			);
			defaultConfigurationIsVisible = 0;
			defaultConfigurationName = Release;
		};
		9D4A6CC620AC837600080C0D /* Build configuration list for PBXNativeTarget "VSP_0Tests" */ = {
			isa = XCConfigurationList;
			buildConfigurations = (
				9D4A6CC720AC837600080C0D /* Debug */,
				9D4A6CC820AC837600080C0D /* Release */,
			);
			defaultConfigurationIsVisible = 0;
			defaultConfigurationName = Release;
		};
		9D4A6CC920AC837600080C0D /* Build configuration list for PBXNativeTarget "VSP_0UITests" */ = {
			isa = XCConfigurationList;
			buildConfigurations = (
				9D4A6CCA20AC837600080C0D /* Debug */,
				9D4A6CCB20AC837600080C0D /* Release */,
			);
			defaultConfigurationIsVisible = 0;
			defaultConfigurationName = Release;
		};
/* End XCConfigurationList section */
	};
	rootObject = 9D4A6C9120AC837400080C0D /* Project object */;
}
