PODS:
  - AWSAPIGateway (2.6.19):
    - AWSCore (= 2.6.19)
  - AWSAuthCore (2.6.19):
    - AWSCore (= 2.6.19)
  - AWSCognito (2.6.19):
    - AWSCore (= 2.6.19)
  - AWSCore (2.6.19)
  - AWSMobileClient (2.6.19):
    - AWSAuthCore (= 2.6.19)
  - AWSS3 (2.6.19):
    - AWSCore (= 2.6.19)

DEPENDENCIES:
  - AWSAPIGateway (~> 2.6.13)
  - AWSAuthCore (~> 2.6.13)
  - AWSCognito (~> 2.6.13)
  - AWSMobileClient (~> 2.6.13)
  - AWSS3 (~> 2.6.13)

SPEC REPOS:
  https://github.com/cocoapods/specs.git:
    - AWSAPIGateway
    - AWSAuthCore
    - AWSCognito
    - AWSCore
    - AWSMobileClient
    - AWSS3

SPEC CHECKSUMS:
  AWSAPIGateway: e7de97bc190997fcff5a9f4f404ff252240046ef
  AWSAuthCore: 1e16efa344c2c8d6655d2f1681931a436337fd0c
  AWSCognito: d523eaaccfec455806271c229d36a65afd3b2f26
  AWSCore: 3019940607dee2a467e0a8de638649d9fcb9afc3
  AWSMobileClient: 34f1ea8ef902e4a6930f61e86b88e932bb5b795b
  AWSS3: 003ab3d5b42cd512d812d9227cd927d0345b739b

PODFILE CHECKSUM: e9b90ac29c68aa8cde04f199e08372159a72e2b9

COCOAPODS: 1.5.3
